
Microsoft Visual Studio Solution File, Format Version 12.00
# Visual Studio Version 17
VisualStudioVersion = 17.4.33213.308
MinimumVisualStudioVersion = 10.0.40219.1
Project("{9A19103F-16F7-4668-BE54-9A1E7A4F7556}") = "ExampleConsumer.Build", "ExampleConsumer.Build\ExampleConsumer.Build.csproj", "{96F1F205-6A36-4A0E-8C1F-36E49DD60A22}"
EndProject
Global
	GlobalSection(SolutionConfigurationPlatforms) = preSolution
		Debug|Any CPU = Debug|Any CPU
		Release|Any CPU = Release|Any CPU
	EndGlobalSection
	GlobalSection(ProjectConfigurationPlatforms) = postSolution
		{96F1F205-6A36-4A0E-8C1F-36E49DD60A22}.Debug|Any CPU.ActiveCfg = Debug|Any CPU
		{96F1F205-6A36-4A0E-8C1F-36E49DD60A22}.Debug|Any CPU.Build.0 = Debug|Any CPU
		{96F1F205-6A36-4A0E-8C1F-36E49DD60A22}.Release|Any CPU.ActiveCfg = Release|Any CPU
		{96F1F205-6A36-4A0E-8C1F-36E49DD60A22}.Release|Any CPU.Build.0 = Release|Any CPU
	EndGlobalSection
	GlobalSection(SolutionProperties) = preSolution
		HideSolutionNode = FALSE
	EndGlobalSection
	GlobalSection(ExtensibilityGlobals) = postSolution
		SolutionGuid = {17AA1AEC-4A62-4DA3-AE2A-B8A86A520EAF}
	EndGlobalSection
EndGlobal
